// !$*UTF8*$!
{
	archiveVersion = 1;
	classes = {
	};
	objectVersion = 77;
	objects = {

/* Begin PBXBuildFile section */
		B20000000000000000000001 /* LightningDesk in Frameworks */ = {isa = PBXBuildFile; productRef = D20000000000000000000001 /* LightningDesk */; };
		B20000000000000000000002 /* BlazerCore in Frameworks */ = {isa = PBXBuildFile; productRef = D20000000000000000000002 /* BlazerCore */; };
		B20000000000000000000003 /* BlazerCore in Frameworks */ = {isa = PBXBuildFile; productRef = D20000000000000000000003 /* BlazerCore */; };
		B20000000000000000000004 /* BlazerActivity.framework in Frameworks */ = {isa = PBXBuildFile; fileRef = F10000000000000000000005 /* BlazerActivity.framework */; };
		B20000000000000000000005 /* BlazerCore in Frameworks */ = {isa = PBXBuildFile; productRef = D20000000000000000000004 /* BlazerCore */; };
		B20000000000000000000006 /* BlazerCore in Frameworks */ = {isa = PBXBuildFile; productRef = D20000000000000000000005 /* BlazerCore */; };
		B20000000000000000000007 /* BlazerIntents.framework in Embed Frameworks */ = {isa = PBXBuildFile; fileRef = F10000000000000000000004 /* BlazerIntents.framework */; settings = {ATTRIBUTES = (CodeSignOnCopy, RemoveHeadersOnCopy, ); }; };
		B20000000000000000000008 /* BlazerActivity.framework in Embed Frameworks */ = {isa = PBXBuildFile; fileRef = F10000000000000000000005 /* BlazerActivity.framework */; settings = {ATTRIBUTES = (CodeSignOnCopy, RemoveHeadersOnCopy, ); }; };
		B20000000000000000000009 /* BlazerWidgets.appex in Embed Foundation Extensions */ = {isa = PBXBuildFile; fileRef = F10000000000000000000002 /* BlazerWidgets.appex */; settings = {ATTRIBUTES = (RemoveHeadersOnCopy, ); }; };
		B2000000000000000000000A /* BlazerLiveActivity.appex in Embed Foundation Extensions */ = {isa = PBXBuildFile; fileRef = F10000000000000000000003 /* BlazerLiveActivity.appex */; settings = {ATTRIBUTES = (RemoveHeadersOnCopy, ); }; };
		B2000000000000000000000B /* BlazerIntents.framework in Frameworks */ = {isa = PBXBuildFile; fileRef = F10000000000000000000004 /* BlazerIntents.framework */; };
		B2000000000000000000000C /* BlazerActivity.framework in Frameworks */ = {isa = PBXBuildFile; fileRef = F10000000000000000000005 /* BlazerActivity.framework */; };
		B2000000000000000000000D /* LightningDesk in Frameworks */ = {isa = PBXBuildFile; productRef = D20000000000000000000006 /* LightningDesk */; };
/* End PBXBuildFile section */

/* Begin PBXContainerItemProxy section */
		P20000000000000000000001 /* PBXContainerItemProxy */ = {
			isa = PBXContainerItemProxy;
			containerPortal = E10000000000000000000001 /* Project object */;
			proxyType = 1;
			remoteGlobalIDString = A10000000000000000000002;
			remoteInfo = BlazerWidgets;
		};
		P20000000000000000000002 /* PBXContainerItemProxy */ = {
			isa = PBXContainerItemProxy;
			containerPortal = E10000000000000000000001 /* Project object */;
			proxyType = 1;
			remoteGlobalIDString = A10000000000000000000003;
			remoteInfo = BlazerLiveActivity;
		};
		P20000000000000000000003 /* PBXContainerItemProxy */ = {
			isa = PBXContainerItemProxy;
			containerPortal = E10000000000000000000001 /* Project object */;
			proxyType = 1;
			remoteGlobalIDString = A10000000000000000000004;
			remoteInfo = BlazerIntents;
		};
		P20000000000000000000004 /* PBXContainerItemProxy */ = {
			isa = PBXContainerItemProxy;
			containerPortal = E10000000000000000000001 /* Project object */;
			proxyType = 1;
			remoteGlobalIDString = A10000000000000000000005;
			remoteInfo = BlazerActivity;
		};
		P20000000000000000000005 /* PBXContainerItemProxy */ = {
			isa = PBXContainerItemProxy;
			containerPortal = E10000000000000000000001 /* Project object */;
			proxyType = 1;
			remoteGlobalIDString = A10000000000000000000001;
			remoteInfo = BlazerOS;
		};
/* End PBXContainerItemProxy section */

/* Begin PBXCopyFilesBuildPhase section */
		C10000000000000000000001 /* Embed Frameworks */ = {
			isa = PBXCopyFilesBuildPhase;
			buildActionMask = 2147483647;
			dstPath = "";
			dstSubfolderSpec = 10;
			files = (
				B20000000000000000000007 /* BlazerIntents.framework in Embed Frameworks */,
				B20000000000000000000008 /* BlazerActivity.framework in Embed Frameworks */,
			);
			name = "Embed Frameworks";
			runOnlyForDeploymentPostprocessing = 0;
		};
		C10000000000000000000002 /* Embed Foundation Extensions */ = {
			isa = PBXCopyFilesBuildPhase;
			buildActionMask = 2147483647;
			dstPath = "";
			dstSubfolderSpec = 13;
			files = (
				B20000000000000000000009 /* BlazerWidgets.appex in Embed Foundation Extensions */,
				B2000000000000000000000A /* BlazerLiveActivity.appex in Embed Foundation Extensions */,
			);
			name = "Embed Foundation Extensions";
			runOnlyForDeploymentPostprocessing = 0;
		};
/* End PBXCopyFilesBuildPhase section */

/* Begin PBXFileReference section */
		F10000000000000000000001 /* BlazerOS.app */ = {isa = PBXFileReference; explicitFileType = wrapper.application; includeInIndex = 0; path = BlazerOS.app; sourceTree = BUILT_PRODUCTS_DIR; };
		F10000000000000000000002 /* BlazerWidgets.appex */ = {isa = PBXFileReference; explicitFileType = "wrapper.app-extension"; includeInIndex = 0; path = BlazerWidgets.appex; sourceTree = BUILT_PRODUCTS_DIR; };
		F10000000000000000000003 /* BlazerLiveActivity.appex */ = {isa = PBXFileReference; explicitFileType = "wrapper.app-extension"; includeInIndex = 0; path = BlazerLiveActivity.appex; sourceTree = BUILT_PRODUCTS_DIR; };
		F10000000000000000000004 /* BlazerIntents.framework */ = {isa = PBXFileReference; explicitFileType = wrapper.framework; includeInIndex = 0; path = BlazerIntents.framework; sourceTree = BUILT_PRODUCTS_DIR; };
		F10000000000000000000005 /* BlazerActivity.framework */ = {isa = PBXFileReference; explicitFileType = wrapper.framework; includeInIndex = 0; path = BlazerActivity.framework; sourceTree = BUILT_PRODUCTS_DIR; };
		F10000000000000000000006 /* BlazerTests.xctest */ = {isa = PBXFileReference; explicitFileType = wrapper.cfbundle; includeInIndex = 0; path = BlazerTests.xctest; sourceTree = BUILT_PRODUCTS_DIR; };
/* End PBXFileReference section */

/* Begin PBXFileSystemSynchronizedBuildFileExceptionSet section */
		X10000000000000000000001 /* Exceptions for "App" folder in "BlazerOS" target */ = {
			isa = PBXFileSystemSynchronizedBuildFileExceptionSet;
			membershipExceptions = (
				Info.plist,
				BlazerOS.entitlements,
			);
			target = A10000000000000000000001 /* BlazerOS */;
		};
		X10000000000000000000002 /* Exceptions for "Widgets" folder in "BlazerWidgets" target */ = {
			isa = PBXFileSystemSynchronizedBuildFileExceptionSet;
			membershipExceptions = (
				Info.plist,
				BlazerWidgets.entitlements,
			);
			target = A10000000000000000000002 /* BlazerWidgets */;
		};
		X10000000000000000000003 /* Exceptions for "LiveActivity" folder in "BlazerLiveActivity" target */ = {
			isa = PBXFileSystemSynchronizedBuildFileExceptionSet;
			membershipExceptions = (
				Info.plist,
				BlazerLiveActivity.entitlements,
			);
			target = A10000000000000000000003 /* BlazerLiveActivity */;
		};
/* End PBXFileSystemSynchronizedBuildFileExceptionSet section */

/* Begin PBXFileSystemSynchronizedRootGroup section */
		G10000000000000000000001 /* App */ = {
			isa = PBXFileSystemSynchronizedRootGroup;
			exceptions = (
				X10000000000000000000001 /* Exceptions for "App" folder in "BlazerOS" target */,
			);
			path = App;
			sourceTree = "<group>";
		};
		G10000000000000000000002 /* Widgets */ = {
			isa = PBXFileSystemSynchronizedRootGroup;
			exceptions = (
				X10000000000000000000002 /* Exceptions for "Widgets" folder in "BlazerWidgets" target */,
			);
			path = Widgets;
			sourceTree = "<group>";
		};
		G10000000000000000000003 /* LiveActivity */ = {
			isa = PBXFileSystemSynchronizedRootGroup;
			exceptions = (
				X10000000000000000000003 /* Exceptions for "LiveActivity" folder in "BlazerLiveActivity" target */,
			);
			path = LiveActivity;
			sourceTree = "<group>";
		};
		G10000000000000000000004 /* Intents */ = {
			isa = PBXFileSystemSynchronizedRootGroup;
			path = Intents;
			sourceTree = "<group>";
		};
		G10000000000000000000005 /* Activity */ = {
			isa = PBXFileSystemSynchronizedRootGroup;
			path = Activity;
			sourceTree = "<group>";
		};
		G10000000000000000000006 /* Shared */ = {
			isa = PBXFileSystemSynchronizedRootGroup;
			path = Shared;
			sourceTree = "<group>";
		};
		G10000000000000000000007 /* Tests */ = {
			isa = PBXFileSystemSynchronizedRootGroup;
			path = Tests;
			sourceTree = "<group>";
		};
/* End PBXFileSystemSynchronizedRootGroup section */

/* Begin PBXFrameworksBuildPhase section */
		H10000000000000000000001 /* Frameworks */ = {
			isa = PBXFrameworksBuildPhase;
			buildActionMask = 2147483647;
			files = (
				B20000000000000000000001 /* LightningDesk in Frameworks */,
				B20000000000000000000002 /* BlazerCore in Frameworks */,
				B2000000000000000000000B /* BlazerIntents.framework in Frameworks */,
				B2000000000000000000000C /* BlazerActivity.framework in Frameworks */,
			);
			runOnlyForDeploymentPostprocessing = 0;
		};
		H10000000000000000000002 /* Frameworks */ = {
			isa = PBXFrameworksBuildPhase;
			buildActionMask = 2147483647;
			files = (
				B20000000000000000000003 /* BlazerCore in Frameworks */,
			);
			runOnlyForDeploymentPostprocessing = 0;
		};
		H10000000000000000000003 /* Frameworks */ = {
			isa = PBXFrameworksBuildPhase;
			buildActionMask = 2147483647;
			files = (
				B20000000000000000000004 /* BlazerActivity.framework in Frameworks */,
			);
			runOnlyForDeploymentPostprocessing = 0;
		};
		H10000000000000000000004 /* Frameworks */ = {
			isa = PBXFrameworksBuildPhase;
			buildActionMask = 2147483647;
			files = (
				B20000000000000000000005 /* BlazerCore in Frameworks */,
			);
			runOnlyForDeploymentPostprocessing = 0;
		};
		H10000000000000000000005 /* Frameworks */ = {
			isa = PBXFrameworksBuildPhase;
			buildActionMask = 2147483647;
			files = (
			);
			runOnlyForDeploymentPostprocessing = 0;
		};
		H10000000000000000000006 /* Frameworks */ = {
			isa = PBXFrameworksBuildPhase;
			buildActionMask = 2147483647;
			files = (
				B20000000000000000000006 /* BlazerCore in Frameworks */,
				B2000000000000000000000D /* LightningDesk in Frameworks */,
			);
			runOnlyForDeploymentPostprocessing = 0;
		};
/* End PBXFrameworksBuildPhase section */

/* Begin PBXResourcesBuildPhase section */
		R10000000000000000000001 /* Resources */ = {
			isa = PBXResourcesBuildPhase;
			buildActionMask = 2147483647;
			files = (
			);
			runOnlyForDeploymentPostprocessing = 0;
		};
		R10000000000000000000002 /* Resources */ = {
			isa = PBXResourcesBuildPhase;
			buildActionMask = 2147483647;
			files = (
			);
			runOnlyForDeploymentPostprocessing = 0;
		};
		R10000000000000000000003 /* Resources */ = {
			isa = PBXResourcesBuildPhase;
			buildActionMask = 2147483647;
			files = (
			);
			runOnlyForDeploymentPostprocessing = 0;
		};
/* End PBXResourcesBuildPhase section */

/* Begin PBXSourcesBuildPhase section */
		S10000000000000000000001 /* Sources */ = {
			isa = PBXSourcesBuildPhase;
			buildActionMask = 2147483647;
			files = (
			);
			runOnlyForDeploymentPostprocessing = 0;
		};
		S10000000000000000000002 /* Sources */ = {
			isa = PBXSourcesBuildPhase;
			buildActionMask = 2147483647;
			files = (
			);
			runOnlyForDeploymentPostprocessing = 0;
		};
		S10000000000000000000003 /* Sources */ = {
			isa = PBXSourcesBuildPhase;
			buildActionMask = 2147483647;
			files = (
			);
			runOnlyForDeploymentPostprocessing = 0;
		};
		S10000000000000000000004 /* Sources */ = {
			isa = PBXSourcesBuildPhase;
			buildActionMask = 2147483647;
			files = (
			);
			runOnlyForDeploymentPostprocessing = 0;
		};
		S10000000000000000000005 /* Sources */ = {
			isa = PBXSourcesBuildPhase;
			buildActionMask = 2147483647;
			files = (
			);
			runOnlyForDeploymentPostprocessing = 0;
		};
		S10000000000000000000006 /* Sources */ = {
			isa = PBXSourcesBuildPhase;
			buildActionMask = 2147483647;
			files = (
			);
			runOnlyForDeploymentPostprocessing = 0;
		};
/* End PBXSourcesBuildPhase section */

/* Begin PBXGroup section */
		G10000000000000000000010 = {
			isa = PBXGroup;
			children = (
				G10000000000000000000001 /* App */,
				G10000000000000000000002 /* Widgets */,
				G10000000000000000000003 /* LiveActivity */,
				G10000000000000000000004 /* Intents */,
				G10000000000000000000005 /* Activity */,
				G10000000000000000000006 /* Shared */,
				G10000000000000000000007 /* Tests */,
				G10000000000000000000011 /* Products */,
			);
			sourceTree = "<group>";
		};
		G10000000000000000000011 /* Products */ = {
			isa = PBXGroup;
			children = (
				F10000000000000000000001 /* BlazerOS.app */,
				F10000000000000000000002 /* BlazerWidgets.appex */,
				F10000000000000000000003 /* BlazerLiveActivity.appex */,
				F10000000000000000000004 /* BlazerIntents.framework */,
				F10000000000000000000005 /* BlazerActivity.framework */,
				F10000000000000000000006 /* BlazerTests.xctest */,
			);
			name = Products;
			sourceTree = "<group>";
		};
/* End PBXGroup section */

/* Begin PBXNativeTarget section */
		A10000000000000000000001 /* BlazerOS */ = {
			isa = PBXNativeTarget;
			buildConfigurationList = L10000000000000000000001 /* Build configuration list for PBXNativeTarget "BlazerOS" */;
			buildPhases = (
				S10000000000000000000001 /* Sources */,
				H10000000000000000000001 /* Frameworks */,
				R10000000000000000000001 /* Resources */,
				C10000000000000000000001 /* Embed Frameworks */,
				C10000000000000000000002 /* Embed Foundation Extensions */,
			);
			buildRules = (
			);
			dependencies = (
				Y10000000000000000000001 /* PBXTargetDependency */,
				Y10000000000000000000002 /* PBXTargetDependency */,
				Y10000000000000000000003 /* PBXTargetDependency */,
				Y10000000000000000000004 /* PBXTargetDependency */,
			);
			fileSystemSynchronizedGroups = (
				G10000000000000000000001 /* App */,
			);
			name = BlazerOS;
			packageProductDependencies = (
				D20000000000000000000001 /* LightningDesk */,
				D20000000000000000000002 /* BlazerCore */,
			);
			productName = BlazerOS;
			productReference = F10000000000000000000001 /* BlazerOS.app */;
			productType = "com.apple.product-type.application";
		};
		A10000000000000000000002 /* BlazerWidgets */ = {
			isa = PBXNativeTarget;
			buildConfigurationList = L10000000000000000000002 /* Build configuration list for PBXNativeTarget "BlazerWidgets" */;
			buildPhases = (
				S10000000000000000000002 /* Sources */,
				H10000000000000000000002 /* Frameworks */,
				R10000000000000000000002 /* Resources */,
			);
			buildRules = (
			);
			dependencies = (
			);
			fileSystemSynchronizedGroups = (
				G10000000000000000000002 /* Widgets */,
			);
			name = BlazerWidgets;
			packageProductDependencies = (
				D20000000000000000000003 /* BlazerCore */,
			);
			productName = BlazerWidgets;
			productReference = F10000000000000000000002 /* BlazerWidgets.appex */;
			productType = "com.apple.product-type.app-extension";
		};
		A10000000000000000000003 /* BlazerLiveActivity */ = {
			isa = PBXNativeTarget;
			buildConfigurationList = L10000000000000000000003 /* Build configuration list for PBXNativeTarget "BlazerLiveActivity" */;
			buildPhases = (
				S10000000000000000000003 /* Sources */,
				H10000000000000000000003 /* Frameworks */,
				R10000000000000000000003 /* Resources */,
			);
			buildRules = (
			);
			dependencies = (
				Y10000000000000000000005 /* PBXTargetDependency */,
			);
			fileSystemSynchronizedGroups = (
				G10000000000000000000003 /* LiveActivity */,
			);
			name = BlazerLiveActivity;
			productName = BlazerLiveActivity;
			productReference = F10000000000000000000003 /* BlazerLiveActivity.appex */;
			productType = "com.apple.product-type.app-extension";
		};
		A10000000000000000000004 /* BlazerIntents */ = {
			isa = PBXNativeTarget;
			buildConfigurationList = L10000000000000000000004 /* Build configuration list for PBXNativeTarget "BlazerIntents" */;
			buildPhases = (
				S10000000000000000000004 /* Sources */,
				H10000000000000000000004 /* Frameworks */,
			);
			buildRules = (
			);
			dependencies = (
			);
			fileSystemSynchronizedGroups = (
				G10000000000000000000004 /* Intents */,
			);
			name = BlazerIntents;
			packageProductDependencies = (
				D20000000000000000000004 /* BlazerCore */,
			);
			productName = BlazerIntents;
			productReference = F10000000000000000000004 /* BlazerIntents.framework */;
			productType = "com.apple.product-type.framework";
		};
		A10000000000000000000005 /* BlazerActivity */ = {
			isa = PBXNativeTarget;
			buildConfigurationList = L10000000000000000000005 /* Build configuration list for PBXNativeTarget "BlazerActivity" */;
			buildPhases = (
				S10000000000000000000005 /* Sources */,
				H10000000000000000000005 /* Frameworks */,
			);
			buildRules = (
			);
			dependencies = (
			);
			fileSystemSynchronizedGroups = (
				G10000000000000000000005 /* Activity */,
				G10000000000000000000006 /* Shared */,
			);
			name = BlazerActivity;
			productName = BlazerActivity;
			productReference = F10000000000000000000005 /* BlazerActivity.framework */;
			productType = "com.apple.product-type.framework";
		};
		A10000000000000000000006 /* BlazerTests */ = {
			isa = PBXNativeTarget;
			buildConfigurationList = L10000000000000000000006 /* Build configuration list for PBXNativeTarget "BlazerTests" */;
			buildPhases = (
				S10000000000000000000006 /* Sources */,
				H10000000000000000000006 /* Frameworks */,
			);
			buildRules = (
			);
			dependencies = (
				Y10000000000000000000006 /* PBXTargetDependency */,
			);
			fileSystemSynchronizedGroups = (
				G10000000000000000000007 /* Tests */,
			);
			name = BlazerTests;
			packageProductDependencies = (
				D20000000000000000000005 /* BlazerCore */,
				D20000000000000000000006 /* LightningDesk */,
			);
			productName = BlazerTests;
			productReference = F10000000000000000000006 /* BlazerTests.xctest */;
			productType = "com.apple.product-type.bundle.unit-test";
		};
/* End PBXNativeTarget section */

/* Begin PBXProject section */
		E10000000000000000000001 /* Project object */ = {
			isa = PBXProject;
			attributes = {
				BuildIndependentTargetsInParallel = 1;
				LastUpgradeCheck = 2600;
				ORGANIZATIONNAME = Blazer;
				TargetAttributes = {
					A10000000000000000000001 = {
						CreatedOnToolsVersion = 26.0;
					};
				};
			};
			buildConfigurationList = L10000000000000000000010 /* Build configuration list for PBXProject "BlazerOS" */;
			compatibilityVersion = "Xcode 16.0";
			developmentRegion = en;
			hasScannedForEncodings = 0;
			knownRegions = (
				en,
				Base,
			);
			mainGroup = G10000000000000000000010;
			minimizedProjectReferenceProxies = 1;
			packageReferences = (
				D10000000000000000000001 /* XCLocalSwiftPackageReference ".." */,
			);
			preferredProjectObjectVersion = 77;
			productRefGroup = G10000000000000000000011 /* Products */;
			projectDirPath = "";
			projectRoot = "";
			targets = (
				A10000000000000000000001 /* BlazerOS */,
				A10000000000000000000002 /* BlazerWidgets */,
				A10000000000000000000003 /* BlazerLiveActivity */,
				A10000000000000000000004 /* BlazerIntents */,
				A10000000000000000000005 /* BlazerActivity */,
				A10000000000000000000006 /* BlazerTests */,
			);
		};
/* End PBXProject section */

/* Begin PBXTargetDependency section */
		Y10000000000000000000001 /* PBXTargetDependency */ = {
			isa = PBXTargetDependency;
			target = A10000000000000000000002 /* BlazerWidgets */;
			targetProxy = P20000000000000000000001 /* PBXContainerItemProxy */;
		};
		Y10000000000000000000002 /* PBXTargetDependency */ = {
			isa = PBXTargetDependency;
			target = A10000000000000000000003 /* BlazerLiveActivity */;
			targetProxy = P20000000000000000000002 /* PBXContainerItemProxy */;
		};
		Y10000000000000000000003 /* PBXTargetDependency */ = {
			isa = PBXTargetDependency;
			target = A10000000000000000000004 /* BlazerIntents */;
			targetProxy = P20000000000000000000003 /* PBXContainerItemProxy */;
		};
		Y10000000000000000000004 /* PBXTargetDependency */ = {
			isa = PBXTargetDependency;
			target = A10000000000000000000005 /* BlazerActivity */;
			targetProxy = P20000000000000000000004 /* PBXContainerItemProxy */;
		};
		Y10000000000000000000005 /* PBXTargetDependency */ = {
			isa = PBXTargetDependency;
			target = A10000000000000000000005 /* BlazerActivity */;
			targetProxy = P20000000000000000000004 /* PBXContainerItemProxy */;
		};
		Y10000000000000000000006 /* PBXTargetDependency */ = {
			isa = PBXTargetDependency;
			target = A10000000000000000000001 /* BlazerOS */;
			targetProxy = P20000000000000000000005 /* PBXContainerItemProxy */;
		};
/* End PBXTargetDependency section */

/* Begin XCBuildConfiguration section */
		K10000000000000000000001 /* Debug */ = {
			isa = XCBuildConfiguration;
			buildSettings = {
				ALWAYS_SEARCH_USER_PATHS = NO;
				CLANG_ENABLE_MODULES = YES;
				COPY_PHASE_STRIP = NO;
				DEBUG_INFORMATION_FORMAT = dwarf;
				ENABLE_TESTABILITY = YES;
				GCC_DYNAMIC_NO_PIC = NO;
				IPHONEOS_DEPLOYMENT_TARGET = 26.0;
				MTL_ENABLE_DEBUG_INFO = INCLUDE_SOURCE;
				ONLY_ACTIVE_ARCH = YES;
				SDKROOT = iphoneos;
				SWIFT_ACTIVE_COMPILATION_CONDITIONS = DEBUG;
				SWIFT_OPTIMIZATION_LEVEL = "-Onone";
				TARGETED_DEVICE_FAMILY = 1;
			};
			name = Debug;
		};
		K10000000000000000000002 /* Release */ = {
			isa = XCBuildConfiguration;
			buildSettings = {
				ALWAYS_SEARCH_USER_PATHS = NO;
				CLANG_ENABLE_MODULES = YES;
				COPY_PHASE_STRIP = NO;
				DEBUG_INFORMATION_FORMAT = "dwarf-with-dsym";
				IPHONEOS_DEPLOYMENT_TARGET = 26.0;
				SDKROOT = iphoneos;
				SWIFT_COMPILATION_MODE = wholemodule;
				TARGETED_DEVICE_FAMILY = 1;
				VALIDATE_PRODUCT = YES;
			};
			name = Release;
		};
		K10000000000000000000011 /* Debug */ = {
			isa = XCBuildConfiguration;
			buildSettings = {
				ASSETCATALOG_COMPILER_APPICON_NAME = AppIcon;
				ASSETCATALOG_COMPILER_GLOBAL_ACCENT_COLOR_NAME = AccentColor;
				CODE_SIGN_ENTITLEMENTS = App/BlazerOS.entitlements;
				CODE_SIGN_STYLE = Automatic;
				CURRENT_PROJECT_VERSION = 1;
				GENERATE_INFOPLIST_FILE = NO;
				INFOPLIST_FILE = App/Info.plist;
				LD_RUNPATH_SEARCH_PATHS = (
					"$(inherited)",
					"@executable_path/Frameworks",
				);
				MARKETING_VERSION = 1.0;
				PRODUCT_BUNDLE_IDENTIFIER = com.blazer.os;
				PRODUCT_NAME = "$(TARGET_NAME)";
				SUPPORTS_MACCATALYST = NO;
				SUPPORTS_MAC_DESIGNED_FOR_IPHONE_IPAD = NO;
				SUPPORTS_XR_DESIGNED_FOR_IPHONE_IPAD = NO;
				SWIFT_EMIT_LOC_STRINGS = YES;
				SWIFT_VERSION = 5.0;
				TARGETED_DEVICE_FAMILY = 1;
			};
			name = Debug;
		};
		K10000000000000000000012 /* Release */ = {
			isa = XCBuildConfiguration;
			buildSettings = {
				ASSETCATALOG_COMPILER_APPICON_NAME = AppIcon;
				ASSETCATALOG_COMPILER_GLOBAL_ACCENT_COLOR_NAME = AccentColor;
				CODE_SIGN_ENTITLEMENTS = App/BlazerOS.entitlements;
				CODE_SIGN_STYLE = Automatic;
				CURRENT_PROJECT_VERSION = 1;
				GENERATE_INFOPLIST_FILE = NO;
				INFOPLIST_FILE = App/Info.plist;
				LD_RUNPATH_SEARCH_PATHS = (
					"$(inherited)",
					"@executable_path/Frameworks",
				);
				MARKETING_VERSION = 1.0;
				PRODUCT_BUNDLE_IDENTIFIER = com.blazer.os;
				PRODUCT_NAME = "$(TARGET_NAME)";
				SUPPORTS_MACCATALYST = NO;
				SUPPORTS_MAC_DESIGNED_FOR_IPHONE_IPAD = NO;
				SUPPORTS_XR_DESIGNED_FOR_IPHONE_IPAD = NO;
				SWIFT_EMIT_LOC_STRINGS = YES;
				SWIFT_VERSION = 5.0;
				TARGETED_DEVICE_FAMILY = 1;
			};
			name = Release;
		};
		K10000000000000000000021 /* Debug */ = {
			isa = XCBuildConfiguration;
			buildSettings = {
				CODE_SIGN_ENTITLEMENTS = Widgets/BlazerWidgets.entitlements;
				CODE_SIGN_STYLE = Automatic;
				CURRENT_PROJECT_VERSION = 1;
				GENERATE_INFOPLIST_FILE = NO;
				INFOPLIST_FILE = Widgets/Info.plist;
				LD_RUNPATH_SEARCH_PATHS = (
					"$(inherited)",
					"@executable_path/Frameworks",
					"@executable_path/../../Frameworks",
				);
				MARKETING_VERSION = 1.0;
				PRODUCT_BUNDLE_IDENTIFIER = com.blazer.os.widgets;
				PRODUCT_NAME = "$(TARGET_NAME)";
				SKIP_INSTALL = YES;
				SWIFT_EMIT_LOC_STRINGS = YES;
				SWIFT_VERSION = 5.0;
				TARGETED_DEVICE_FAMILY = 1;
			};
			name = Debug;
		};
		K10000000000000000000022 /* Release */ = {
			isa = XCBuildConfiguration;
			buildSettings = {
				CODE_SIGN_ENTITLEMENTS = Widgets/BlazerWidgets.entitlements;
				CODE_SIGN_STYLE = Automatic;
				CURRENT_PROJECT_VERSION = 1;
				GENERATE_INFOPLIST_FILE = NO;
				INFOPLIST_FILE = Widgets/Info.plist;
				LD_RUNPATH_SEARCH_PATHS = (
					"$(inherited)",
					"@executable_path/Frameworks",
					"@executable_path/../../Frameworks",
				);
				MARKETING_VERSION = 1.0;
				PRODUCT_BUNDLE_IDENTIFIER = com.blazer.os.widgets;
				PRODUCT_NAME = "$(TARGET_NAME)";
				SKIP_INSTALL = YES;
				SWIFT_EMIT_LOC_STRINGS = YES;
				SWIFT_VERSION = 5.0;
				TARGETED_DEVICE_FAMILY = 1;
			};
			name = Release;
		};
		K10000000000000000000031 /* Debug */ = {
			isa = XCBuildConfiguration;
			buildSettings = {
				CODE_SIGN_ENTITLEMENTS = LiveActivity/BlazerLiveActivity.entitlements;
				CODE_SIGN_STYLE = Automatic;
				CURRENT_PROJECT_VERSION = 1;
				GENERATE_INFOPLIST_FILE = NO;
				INFOPLIST_FILE = LiveActivity/Info.plist;
				LD_RUNPATH_SEARCH_PATHS = (
					"$(inherited)",
					"@executable_path/Frameworks",
					"@executable_path/../../Frameworks",
				);
				MARKETING_VERSION = 1.0;
				PRODUCT_BUNDLE_IDENTIFIER = com.blazer.os.liveactivity;
				PRODUCT_NAME = "$(TARGET_NAME)";
				SKIP_INSTALL = YES;
				SWIFT_EMIT_LOC_STRINGS = YES;
				SWIFT_VERSION = 5.0;
				TARGETED_DEVICE_FAMILY = 1;
			};
			name = Debug;
		};
		K10000000000000000000032 /* Release */ = {
			isa = XCBuildConfiguration;
			buildSettings = {
				CODE_SIGN_ENTITLEMENTS = LiveActivity/BlazerLiveActivity.entitlements;
				CODE_SIGN_STYLE = Automatic;
				CURRENT_PROJECT_VERSION = 1;
				GENERATE_INFOPLIST_FILE = NO;
				INFOPLIST_FILE = LiveActivity/Info.plist;
				LD_RUNPATH_SEARCH_PATHS = (
					"$(inherited)",
					"@executable_path/Frameworks",
					"@executable_path/../../Frameworks",
				);
				MARKETING_VERSION = 1.0;
				PRODUCT_BUNDLE_IDENTIFIER = com.blazer.os.liveactivity;
				PRODUCT_NAME = "$(TARGET_NAME)";
				SKIP_INSTALL = YES;
				SWIFT_EMIT_LOC_STRINGS = YES;
				SWIFT_VERSION = 5.0;
				TARGETED_DEVICE_FAMILY = 1;
			};
			name = Release;
		};
		K10000000000000000000041 /* Debug */ = {
			isa = XCBuildConfiguration;
			buildSettings = {
				CODE_SIGN_STYLE = Automatic;
				CURRENT_PROJECT_VERSION = 1;
				DEFINES_MODULE = YES;
				DYLIB_COMPATIBILITY_VERSION = 1;
				DYLIB_CURRENT_VERSION = 1;
				DYLIB_INSTALL_NAME_BASE = "@rpath";
				GENERATE_INFOPLIST_FILE = YES;
				INFOPLIST_KEY_NSHumanReadableCopyright = "";
				INSTALL_PATH = "$(LOCAL_LIBRARY_DIR)/Frameworks";
				LD_RUNPATH_SEARCH_PATHS = (
					"$(inherited)",
					"@executable_path/Frameworks",
					"@loader_path/Frameworks",
				);
				MARKETING_VERSION = 1.0;
				PRODUCT_BUNDLE_IDENTIFIER = com.blazer.os.intents;
				PRODUCT_NAME = "$(TARGET_NAME)";
				SKIP_INSTALL = YES;
				SWIFT_EMIT_LOC_STRINGS = YES;
				SWIFT_VERSION = 5.0;
				TARGETED_DEVICE_FAMILY = 1;
				VERSIONING_SYSTEM = "apple-generic";
			};
			name = Debug;
		};
		K10000000000000000000042 /* Release */ = {
			isa = XCBuildConfiguration;
			buildSettings = {
				CODE_SIGN_STYLE = Automatic;
				CURRENT_PROJECT_VERSION = 1;
				DEFINES_MODULE = YES;
				DYLIB_COMPATIBILITY_VERSION = 1;
				DYLIB_CURRENT_VERSION = 1;
				DYLIB_INSTALL_NAME_BASE = "@rpath";
				GENERATE_INFOPLIST_FILE = YES;
				INFOPLIST_KEY_NSHumanReadableCopyright = "";
				INSTALL_PATH = "$(LOCAL_LIBRARY_DIR)/Frameworks";
				LD_RUNPATH_SEARCH_PATHS = (
					"$(inherited)",
					"@executable_path/Frameworks",
					"@loader_path/Frameworks",
				);
				MARKETING_VERSION = 1.0;
				PRODUCT_BUNDLE_IDENTIFIER = com.blazer.os.intents;
				PRODUCT_NAME = "$(TARGET_NAME)";
				SKIP_INSTALL = YES;
				SWIFT_EMIT_LOC_STRINGS = YES;
				SWIFT_VERSION = 5.0;
				TARGETED_DEVICE_FAMILY = 1;
				VERSIONING_SYSTEM = "apple-generic";
			};
			name = Release;
		};
		K10000000000000000000051 /* Debug */ = {
			isa = XCBuildConfiguration;
			buildSettings = {
				CODE_SIGN_STYLE = Automatic;
				CURRENT_PROJECT_VERSION = 1;
				DEFINES_MODULE = YES;
				DYLIB_COMPATIBILITY_VERSION = 1;
				DYLIB_CURRENT_VERSION = 1;
				DYLIB_INSTALL_NAME_BASE = "@rpath";
				GENERATE_INFOPLIST_FILE = YES;
				INFOPLIST_KEY_NSHumanReadableCopyright = "";
				INSTALL_PATH = "$(LOCAL_LIBRARY_DIR)/Frameworks";
				LD_RUNPATH_SEARCH_PATHS = (
					"$(inherited)",
					"@executable_path/Frameworks",
					"@loader_path/Frameworks",
				);
				MARKETING_VERSION = 1.0;
				PRODUCT_BUNDLE_IDENTIFIER = com.blazer.os.activity;
				PRODUCT_NAME = "$(TARGET_NAME)";
				SKIP_INSTALL = YES;
				SWIFT_EMIT_LOC_STRINGS = YES;
				SWIFT_VERSION = 5.0;
				TARGETED_DEVICE_FAMILY = 1;
				VERSIONING_SYSTEM = "apple-generic";
			};
			name = Debug;
		};
		K10000000000000000000052 /* Release */ = {
			isa = XCBuildConfiguration;
			buildSettings = {
				CODE_SIGN_STYLE = Automatic;
				CURRENT_PROJECT_VERSION = 1;
				DEFINES_MODULE = YES;
				DYLIB_COMPATIBILITY_VERSION = 1;
				DYLIB_CURRENT_VERSION = 1;
				DYLIB_INSTALL_NAME_BASE = "@rpath";
				GENERATE_INFOPLIST_FILE = YES;
				INFOPLIST_KEY_NSHumanReadableCopyright = "";
				INSTALL_PATH = "$(LOCAL_LIBRARY_DIR)/Frameworks";
				LD_RUNPATH_SEARCH_PATHS = (
					"$(inherited)",
					"@executable_path/Frameworks",
					"@loader_path/Frameworks",
				);
				MARKETING_VERSION = 1.0;
				PRODUCT_BUNDLE_IDENTIFIER = com.blazer.os.activity;
				PRODUCT_NAME = "$(TARGET_NAME)";
				SKIP_INSTALL = YES;
				SWIFT_EMIT_LOC_STRINGS = YES;
				SWIFT_VERSION = 5.0;
				TARGETED_DEVICE_FAMILY = 1;
				VERSIONING_SYSTEM = "apple-generic";
			};
			name = Release;
		};
		K10000000000000000000061 /* Debug */ = {
			isa = XCBuildConfiguration;
			buildSettings = {
				CODE_SIGN_STYLE = Automatic;
				CURRENT_PROJECT_VERSION = 1;
				GENERATE_INFOPLIST_FILE = YES;
				MARKETING_VERSION = 1.0;
				BUNDLE_LOADER = "$(TEST_HOST)";
				PRODUCT_BUNDLE_IDENTIFIER = com.blazer.os.tests;
				PRODUCT_NAME = "$(TARGET_NAME)";
				SDKROOT = iphoneos;
				SWIFT_EMIT_LOC_STRINGS = NO;
				SWIFT_VERSION = 5.0;
				TARGETED_DEVICE_FAMILY = 1;
				TEST_HOST = "$(BUILT_PRODUCTS_DIR)/BlazerOS.app/BlazerOS";
			};
			name = Debug;
		};
		K10000000000000000000062 /* Release */ = {
			isa = XCBuildConfiguration;
			buildSettings = {
				BUNDLE_LOADER = "$(TEST_HOST)";
				CODE_SIGN_STYLE = Automatic;
				CURRENT_PROJECT_VERSION = 1;
				GENERATE_INFOPLIST_FILE = YES;
				MARKETING_VERSION = 1.0;
				PRODUCT_BUNDLE_IDENTIFIER = com.blazer.os.tests;
				PRODUCT_NAME = "$(TARGET_NAME)";
				SDKROOT = iphoneos;
				SWIFT_EMIT_LOC_STRINGS = NO;
				SWIFT_VERSION = 5.0;
				TARGETED_DEVICE_FAMILY = 1;
				TEST_HOST = "$(BUILT_PRODUCTS_DIR)/BlazerOS.app/BlazerOS";
			};
			name = Release;
		};
/* End XCBuildConfiguration section */

/* Begin XCConfigurationList section */
		L10000000000000000000010 /* Build configuration list for PBXProject "BlazerOS" */ = {
			isa = XCConfigurationList;
			buildConfigurations = (
				K10000000000000000000001 /* Debug */,
				K10000000000000000000002 /* Release */,
			);
			defaultConfigurationIsVisible = 0;
			defaultConfigurationName = Release;
		};
		L10000000000000000000001 /* Build configuration list for PBXNativeTarget "BlazerOS" */ = {
			isa = XCConfigurationList;
			buildConfigurations = (
				K10000000000000000000011 /* Debug */,
				K10000000000000000000012 /* Release */,
			);
			defaultConfigurationIsVisible = 0;
			defaultConfigurationName = Release;
		};
		L10000000000000000000002 /* Build configuration list for PBXNativeTarget "BlazerWidgets" */ = {
			isa = XCConfigurationList;
			buildConfigurations = (
				K10000000000000000000021 /* Debug */,
				K10000000000000000000022 /* Release */,
			);
			defaultConfigurationIsVisible = 0;
			defaultConfigurationName = Release;
		};
		L10000000000000000000003 /* Build configuration list for PBXNativeTarget "BlazerLiveActivity" */ = {
			isa = XCConfigurationList;
			buildConfigurations = (
				K10000000000000000000031 /* Debug */,
				K10000000000000000000032 /* Release */,
			);
			defaultConfigurationIsVisible = 0;
			defaultConfigurationName = Release;
		};
		L10000000000000000000004 /* Build configuration list for PBXNativeTarget "BlazerIntents" */ = {
			isa = XCConfigurationList;
			buildConfigurations = (
				K10000000000000000000041 /* Debug */,
				K10000000000000000000042 /* Release */,
			);
			defaultConfigurationIsVisible = 0;
			defaultConfigurationName = Release;
		};
		L10000000000000000000005 /* Build configuration list for PBXNativeTarget "BlazerActivity" */ = {
			isa = XCConfigurationList;
			buildConfigurations = (
				K10000000000000000000051 /* Debug */,
				K10000000000000000000052 /* Release */,
			);
			defaultConfigurationIsVisible = 0;
			defaultConfigurationName = Release;
		};
		L10000000000000000000006 /* Build configuration list for PBXNativeTarget "BlazerTests" */ = {
			isa = XCConfigurationList;
			buildConfigurations = (
				K10000000000000000000061 /* Debug */,
				K10000000000000000000062 /* Release */,
			);
			defaultConfigurationIsVisible = 0;
			defaultConfigurationName = Release;
		};
/* End XCConfigurationList section */

/* Begin XCLocalSwiftPackageReference section */
		D10000000000000000000001 /* XCLocalSwiftPackageReference ".." */ = {
			isa = XCLocalSwiftPackageReference;
			relativePath = ..;
		};
/* End XCLocalSwiftPackageReference section */

/* Begin XCSwiftPackageProductDependency section */
		D20000000000000000000001 /* LightningDesk */ = {
			isa = XCSwiftPackageProductDependency;
			package = D10000000000000000000001 /* XCLocalSwiftPackageReference ".." */;
			productName = LightningDesk;
		};
		D20000000000000000000002 /* BlazerCore */ = {
			isa = XCSwiftPackageProductDependency;
			package = D10000000000000000000001 /* XCLocalSwiftPackageReference ".." */;
			productName = BlazerCore;
		};
		D20000000000000000000003 /* BlazerCore */ = {
			isa = XCSwiftPackageProductDependency;
			package = D10000000000000000000001 /* XCLocalSwiftPackageReference ".." */;
			productName = BlazerCore;
		};
		D20000000000000000000004 /* BlazerCore */ = {
			isa = XCSwiftPackageProductDependency;
			package = D10000000000000000000001 /* XCLocalSwiftPackageReference ".." */;
			productName = BlazerCore;
		};
		D20000000000000000000005 /* BlazerCore */ = {
			isa = XCSwiftPackageProductDependency;
			package = D10000000000000000000001 /* XCLocalSwiftPackageReference ".." */;
			productName = BlazerCore;
		};
		D20000000000000000000006 /* LightningDesk */ = {
			isa = XCSwiftPackageProductDependency;
			package = D10000000000000000000001 /* XCLocalSwiftPackageReference ".." */;
			productName = LightningDesk;
		};
/* End XCSwiftPackageProductDependency section */
	};
	rootObject = E10000000000000000000001 /* Project object */;
}
